%{
  "jason": {:hex, :jason, "1.1.2", "b03dedea67a99223a2eaf9f1264ce37154564de899fd3d8b9a21b1a6fd64afe7", [:mix], [{:decimal, "~> 1.0", [hex: :decimal, repo: "hexpm", optional: true]}], "hexpm", "fdf843bca858203ae1de16da2ee206f53416bbda5dc8c9e78f43243de4bc3afe"},
  "nimble_csv": {:hex, :nimble_csv, "0.7.0", "52f23ce46eee304d063d1716e19e45ea544bd751536bc53e5d41cb7fc0ca9405", [:mix], [], "hexpm", "e7051e7a95b5c4f26512af5805c320ee9185e752d949f048bf318fedef86cccc"},
  "observer_cli": {:hex, :observer_cli, "1.5.3", "d42e20054116c49d5242d3ff9e1913acccebe6015f449d6e312a5bc160e79a62", [:mix, :rebar3], [{:recon, "~>2.5.0", [hex: :recon, repo: "hexpm", optional: false]}], "hexpm", "3d2de7a710b9bed4cfbdae0419d98b1985634bd8cc1f26ef9576c2eb9aa6b35e"},
  "recon": {:hex, :recon, "2.5.0", "2f7fcbec2c35034bade2f9717f77059dc54eb4e929a3049ca7ba6775c0bd66cd", [:mix, :rebar3], [], "hexpm", "72f3840fedd94f06315c523f6cecf5b4827233bed7ae3fe135b2a0ebeab5e196"},
}
